
Microsoft Visual Studio Solution File, Format Version 12.00
# Visual Studio Version 17
VisualStudioVersion = 17.1.32407.343
MinimumVisualStudioVersion = 10.0.40219.1
Project("{FAE04EC0-301F-11D3-BF4B-00C04F79EFBC}") = "WebApi", "WebApi\WebApi.csproj", "{8269260C-7A4C-447D-8648-19E84D4F3E09}"
EndProject
Project("{FAE04EC0-301F-11D3-BF4B-00C04F79EFBC}") = "Data", "Data\Data.csproj", "{0DAFF3F9-9CDA-46EF-915B-7EF1F2F1B5DC}"
EndProject
Global
	GlobalSection(SolutionConfigurationPlatforms) = preSolution
		Debug|Any CPU = Debug|Any CPU
		Release|Any CPU = Release|Any CPU
	EndGlobalSection
	GlobalSection(ProjectConfigurationPlatforms) = postSolution
		{8269260C-7A4C-447D-8648-19E84D4F3E09}.Debug|Any CPU.ActiveCfg = Debug|Any CPU
		{8269260C-7A4C-447D-8648-19E84D4F3E09}.Debug|Any CPU.Build.0 = Debug|Any CPU
		{8269260C-7A4C-447D-8648-19E84D4F3E09}.Release|Any CPU.ActiveCfg = Release|Any CPU
		{8269260C-7A4C-447D-8648-19E84D4F3E09}.Release|Any CPU.Build.0 = Release|Any CPU
		{0DAFF3F9-9CDA-46EF-915B-7EF1F2F1B5DC}.Debug|Any CPU.ActiveCfg = Debug|Any CPU
		{0DAFF3F9-9CDA-46EF-915B-7EF1F2F1B5DC}.Debug|Any CPU.Build.0 = Debug|Any CPU
		{0DAFF3F9-9CDA-46EF-915B-7EF1F2F1B5DC}.Release|Any CPU.ActiveCfg = Release|Any CPU
		{0DAFF3F9-9CDA-46EF-915B-7EF1F2F1B5DC}.Release|Any CPU.Build.0 = Release|Any CPU
	EndGlobalSection
	GlobalSection(SolutionProperties) = preSolution
		HideSolutionNode = FALSE
	EndGlobalSection
	GlobalSection(ExtensibilityGlobals) = postSolution
		SolutionGuid = {60635A93-E465-44B9-A964-33B90191C5FC}
	EndGlobalSection
EndGlobal
